
Microsoft Visual Studio Solution File, Format Version 12.00
# Visual Studio Version 16
VisualStudioVersion = 16.0.30611.23
MinimumVisualStudioVersion = 10.0.40219.1
Project("{FAE04EC0-301F-11D3-BF4B-00C04F79EFBC}") = "Flappy Bird", "Flappy Bird\Flappy Bird.csproj", "{1142868E-DE5F-4636-AEF9-C2BB88FC00B9}"
EndProject
Global
	GlobalSection(SolutionConfigurationPlatforms) = preSolution
		Debug|Any CPU = Debug|Any CPU
		Release|Any CPU = Release|Any CPU
	EndGlobalSection
	GlobalSection(ProjectConfigurationPlatforms) = postSolution
		{1142868E-DE5F-4636-AEF9-C2BB88FC00B9}.Debug|Any CPU.ActiveCfg = Debug|Any CPU
		{1142868E-DE5F-4636-AEF9-C2BB88FC00B9}.Debug|Any CPU.Build.0 = Debug|Any CPU
		{1142868E-DE5F-4636-AEF9-C2BB88FC00B9}.Release|Any CPU.ActiveCfg = Release|Any CPU
		{1142868E-DE5F-4636-AEF9-C2BB88FC00B9}.Release|Any CPU.Build.0 = Release|Any CPU
	EndGlobalSection
	GlobalSection(SolutionProperties) = preSolution
		HideSolutionNode = FALSE
	EndGlobalSection
	GlobalSection(ExtensibilityGlobals) = postSolution
		SolutionGuid = {F1ED414A-01FF-4246-91E3-369D10EFA87C}
	EndGlobalSection
EndGlobal
